
Microsoft Visual Studio Solution File, Format Version 12.00
# Visual Studio Version 17
VisualStudioVersion = 17.11.35303.130
MinimumVisualStudioVersion = 10.0.40219.1
Project("{FAE04EC0-301F-11D3-BF4B-00C04F79EFBC}") = "NewsAPIApp", "NewsAPIApp\NewsAPIApp.csproj", "{114D3347-D6AE-4A94-BA08-1D915C48C97F}"
EndProject
Global
	GlobalSection(SolutionConfigurationPlatforms) = preSolution
		Debug|Any CPU = Debug|Any CPU
		Release|Any CPU = Release|Any CPU
	EndGlobalSection
	GlobalSection(ProjectConfigurationPlatforms) = postSolution
		{114D3347-D6AE-4A94-BA08-1D915C48C97F}.Debug|Any CPU.ActiveCfg = Debug|Any CPU
		{114D3347-D6AE-4A94-BA08-1D915C48C97F}.Debug|Any CPU.Build.0 = Debug|Any CPU
		{114D3347-D6AE-4A94-BA08-1D915C48C97F}.Release|Any CPU.ActiveCfg = Release|Any CPU
		{114D3347-D6AE-4A94-BA08-1D915C48C97F}.Release|Any CPU.Build.0 = Release|Any CPU
	EndGlobalSection
	GlobalSection(SolutionProperties) = preSolution
		HideSolutionNode = FALSE
	EndGlobalSection
	GlobalSection(ExtensibilityGlobals) = postSolution
		SolutionGuid = {B8E9CF54-7749-46EB-90DE-155F899D1524}
	EndGlobalSection
EndGlobal
